version: 1.0
shards:
  ameba:
    github: veelenga/ameba
    version: 0.8.1

  db:
    github: crystal-lang/crystal-db
    version: 0.5.1

  discordcr:
    github: meew0/discordcr
    commit: ba79c678c100fb310dde6af4dcbcb7dba2e95fa3

  discordcr-dbl:
    github: kandayo/discordcr-dbl
    commit: fb62edc3e5e0dc6a9ea2638ea6cd709bfbc9aeae

  discordcr-middleware:
    github: z64/discordcr-middleware
    commit: 562d68698114473465793112fee98ce12fa2a5ca

  discordcr-plugin:
    github: z64/discordcr-plugin
    commit: a34dacfd56f5b1dd1d54e64ec4d787bed5f57dd3

  hardware:
    github: crystal-community/hardware
    version: 0.4.0

  humanize_time:
    github: mamantoha/humanize_time
    version: 0.3.0

  i18n:
    github: TechMagister/i18n.cr
    commit: d8a8933f6a4eb7d9790c3803cb8bec06c304ea5c

  kilt:
    github: jeromegn/kilt
    version: 0.4.0

  migrate:
    github: vladfaust/migrate.cr
    version: 0.4.1

  myhtml:
    github: kostya/myhtml
    version: 1.2.0

  pg:
    github: will/crystal-pg
    version: 0.15.0

  pool:
    github: ysbaddaden/pool
    version: 0.2.3

  radix:
    github: luislavena/radix
    version: 0.3.8

  rate_limiter:
    github: z64/rate_limiter
    commit: b9992a7c474f9f863aa34ac677244d6b520cba97

  raze:
    github: samueleaton/raze
    version: 0.3.0

  redis:
    github: stefanwille/crystal-redis
    version: 2.1.1

  time_format:
    github: vladfaust/time_format.cr
    version: 0.1.1

  tren:
    github: kandayo/tren
    commit: 20532fcde7f285c4ed32c4a0e844544eb47b6d56

